// !$*UTF8*$!
{
	archiveVersion = 1;
	classes = {
	};
	objectVersion = 46;
	objects = {

/* Begin PBXBuildFile section */
		2E26293D1ADF3CC900CE6288 /* CellPagingLayout.swift in Sources */ = {isa = PBXBuildFile; fileRef = 2E26293C1ADF3CC900CE6288 /* CellPagingLayout.swift */; };
		2E26293F1ADF4E1600CE6288 /* IconCollectionView.swift in Sources */ = {isa = PBXBuildFile; fileRef = 2E26293E1ADF4E1600CE6288 /* IconCollectionView.swift */; };
		2E3FE9D41AE0585300A89515 /* IconCell.swift in Sources */ = {isa = PBXBuildFile; fileRef = 2E3FE9D31AE0585300A89515 /* IconCell.swift */; };
		2E3FE9D81AE0661100A89515 /* ContentCollectionView.swift in Sources */ = {isa = PBXBuildFile; fileRef = 2E3FE9D71AE0661100A89515 /* ContentCollectionView.swift */; };
		2E3FE9DA1AE066F000A89515 /* ContentCell.swift in Sources */ = {isa = PBXBuildFile; fileRef = 2E3FE9D91AE066F000A89515 /* ContentCell.swift */; };
		2E544E841AE21ADF00144929 /* ModuleCell.swift in Sources */ = {isa = PBXBuildFile; fileRef = 2E544E831AE21ADF00144929 /* ModuleCell.swift */; };
		2E6C47231AE39FC7008A1FF2 /* talk2014.png in Resources */ = {isa = PBXBuildFile; fileRef = 2E6C47221AE39FC7008A1FF2 /* talk2014.png */; };
		2E6C47251AE39FDE008A1FF2 /* MRI.mov in Resources */ = {isa = PBXBuildFile; fileRef = 2E6C47241AE39FDE008A1FF2 /* MRI.mov */; };
		2E6C47271AE3A00A008A1FF2 /* raspberryPi.png in Resources */ = {isa = PBXBuildFile; fileRef = 2E6C47261AE3A00A008A1FF2 /* raspberryPi.png */; };
		2E6C47291AE3A03E008A1FF2 /* MRI-frame1.png in Resources */ = {isa = PBXBuildFile; fileRef = 2E6C47281AE3A03E008A1FF2 /* MRI-frame1.png */; };
		2E6C472B1AE3A0B2008A1FF2 /* VideoCell.swift in Sources */ = {isa = PBXBuildFile; fileRef = 2E6C472A1AE3A0B2008A1FF2 /* VideoCell.swift */; };
		2E6EBE291AE59EDB00CFFC87 /* square.png in Resources */ = {isa = PBXBuildFile; fileRef = 2E6EBE281AE59EDB00CFFC87 /* square.png */; };
		2E6EBE351AE59F5500CFFC87 /* about splash.png in Resources */ = {isa = PBXBuildFile; fileRef = 2E6EBE2B1AE59F5500CFFC87 /* about splash.png */; };
		2E6EBE391AE59F5500CFFC87 /* CPIdata.txt in Resources */ = {isa = PBXBuildFile; fileRef = 2E6EBE301AE59F5500CFFC87 /* CPIdata.txt */; };
		2E6EBE3C1AE59F5500CFFC87 /* question mark button.png in Resources */ = {isa = PBXBuildFile; fileRef = 2E6EBE331AE59F5500CFFC87 /* question mark button.png */; };
		2E6EBE3D1AE59F5500CFFC87 /* InflationViewController.swift in Sources */ = {isa = PBXBuildFile; fileRef = 2E6EBE341AE59F5500CFFC87 /* InflationViewController.swift */; };
		2E6EBE401AE59F7400CFFC87 /* Inflation.storyboard in Resources */ = {isa = PBXBuildFile; fileRef = 2E6EBE3E1AE59F7400CFFC87 /* Inflation.storyboard */; };
		2E6EBE421AE5A96D00CFFC87 /* inflationIcon.png in Resources */ = {isa = PBXBuildFile; fileRef = 2E6EBE411AE5A96D00CFFC87 /* inflationIcon.png */; };
		2E6EBE441AE5AA6800CFFC87 /* square2.png in Resources */ = {isa = PBXBuildFile; fileRef = 2E6EBE431AE5AA6800CFFC87 /* square2.png */; };
		2E6EBE461AE5AD2800CFFC87 /* watch.png in Resources */ = {isa = PBXBuildFile; fileRef = 2E6EBE451AE5AD2800CFFC87 /* watch.png */; };
		2E6EBE4A1AE5D10800CFFC87 /* launchScreenGradient.png in Resources */ = {isa = PBXBuildFile; fileRef = 2E6EBE491AE5D10800CFFC87 /* launchScreenGradient.png */; };
		2E8D0FC41AE98D9A00B93A0C /* inflationInStore.png in Resources */ = {isa = PBXBuildFile; fileRef = 2E8D0FC31AE98D9A00B93A0C /* inflationInStore.png */; };
		2E8D0FC61AE99C2E00B93A0C /* cal2011.png in Resources */ = {isa = PBXBuildFile; fileRef = 2E8D0FC51AE99C2E00B93A0C /* cal2011.png */; };
		2E9721BE1ADDFB2000F9399E /* AppDelegate.swift in Sources */ = {isa = PBXBuildFile; fileRef = 2E9721BD1ADDFB2000F9399E /* AppDelegate.swift */; };
		2E9721C01ADDFB2000F9399E /* ViewController.swift in Sources */ = {isa = PBXBuildFile; fileRef = 2E9721BF1ADDFB2000F9399E /* ViewController.swift */; };
		2E9721C31ADDFB2000F9399E /* Main.storyboard in Resources */ = {isa = PBXBuildFile; fileRef = 2E9721C11ADDFB2000F9399E /* Main.storyboard */; };
		2E9721C51ADDFB2000F9399E /* Images.xcassets in Resources */ = {isa = PBXBuildFile; fileRef = 2E9721C41ADDFB2000F9399E /* Images.xcassets */; };
		2E9721C81ADDFB2000F9399E /* LaunchScreen.xib in Resources */ = {isa = PBXBuildFile; fileRef = 2E9721C61ADDFB2000F9399E /* LaunchScreen.xib */; };
		2E9721D41ADDFB2000F9399E /* About_CalTests.swift in Sources */ = {isa = PBXBuildFile; fileRef = 2E9721D31ADDFB2000F9399E /* About_CalTests.swift */; };
		2ECD57771AE4B7E700F2CB71 /* orbit.png in Resources */ = {isa = PBXBuildFile; fileRef = 2ECD57761AE4B7E700F2CB71 /* orbit.png */; };
		2ED171711AE6F84F009E08B4 /* producerBuddyIcon.png in Resources */ = {isa = PBXBuildFile; fileRef = 2ED171701AE6F84F009E08B4 /* producerBuddyIcon.png */; };
		2ED171731AE6F8F2009E08B4 /* squareifyIcon.png in Resources */ = {isa = PBXBuildFile; fileRef = 2ED171721AE6F8F2009E08B4 /* squareifyIcon.png */; };
		2ED9FAEB1AE2F282007BBDE8 /* content.xml in Resources */ = {isa = PBXBuildFile; fileRef = 2ED9FAEA1AE2F282007BBDE8 /* content.xml */; };
		2ED9FAED1AE2F372007BBDE8 /* ContentParser.swift in Sources */ = {isa = PBXBuildFile; fileRef = 2ED9FAEC1AE2F372007BBDE8 /* ContentParser.swift */; };
		2ED9FAF31AE3033D007BBDE8 /* blankApp.png in Resources */ = {isa = PBXBuildFile; fileRef = 2ED9FAF11AE3033D007BBDE8 /* blankApp.png */; };
		2ED9FAF41AE3033D007BBDE8 /* cal icon.png in Resources */ = {isa = PBXBuildFile; fileRef = 2ED9FAF21AE3033D007BBDE8 /* cal icon.png */; };
		2ED9FAF61AE308EA007BBDE8 /* minecraft.png in Resources */ = {isa = PBXBuildFile; fileRef = 2ED9FAF51AE308EA007BBDE8 /* minecraft.png */; };
		2ED9FAFA1AE31455007BBDE8 /* TitleCell.swift in Sources */ = {isa = PBXBuildFile; fileRef = 2ED9FAF91AE31455007BBDE8 /* TitleCell.swift */; };
		2ED9FAFF1AE323D2007BBDE8 /* wwdc logo.png in Resources */ = {isa = PBXBuildFile; fileRef = 2ED9FAFE1AE323D2007BBDE8 /* wwdc logo.png */; };
		2ED9FB051AE33919007BBDE8 /* hello world.png in Resources */ = {isa = PBXBuildFile; fileRef = 2ED9FB041AE33919007BBDE8 /* hello world.png */; };
		2ED9FB0B1AE34214007BBDE8 /* olympus.png in Resources */ = {isa = PBXBuildFile; fileRef = 2ED9FB0A1AE34214007BBDE8 /* olympus.png */; };
		2ED9FB0D1AE34991007BBDE8 /* olyAnvilLogo.png in Resources */ = {isa = PBXBuildFile; fileRef = 2ED9FB0C1AE34991007BBDE8 /* olyAnvilLogo.png */; };
		2ED9FB101AE34D54007BBDE8 /* ImageCell.swift in Sources */ = {isa = PBXBuildFile; fileRef = 2ED9FB0E1AE34D54007BBDE8 /* ImageCell.swift */; };
		2ED9FB111AE34D54007BBDE8 /* TextCell.swift in Sources */ = {isa = PBXBuildFile; fileRef = 2ED9FB0F1AE34D54007BBDE8 /* TextCell.swift */; };
		2ED9FB131AE34FCE007BBDE8 /* unity-logo.png in Resources */ = {isa = PBXBuildFile; fileRef = 2ED9FB121AE34FCE007BBDE8 /* unity-logo.png */; };
		2ED9FB151AE350A3007BBDE8 /* AVKit.framework in Frameworks */ = {isa = PBXBuildFile; fileRef = 2ED9FB141AE350A3007BBDE8 /* AVKit.framework */; };
		2ED9FB191AE35448007BBDE8 /* AVFoundation.framework in Frameworks */ = {isa = PBXBuildFile; fileRef = 2ED9FB181AE35448007BBDE8 /* AVFoundation.framework */; };
		2EDA5B871AE358F9007B1AE7 /* playButton.png in Resources */ = {isa = PBXBuildFile; fileRef = 2EDA5B861AE358F9007B1AE7 /* playButton.png */; };
		2EDA5B8B1AE36161007B1AE7 /* calaga.mov in Resources */ = {isa = PBXBuildFile; fileRef = 2EDA5B8A1AE36161007B1AE7 /* calaga.mov */; };
		2EDA5B8D1AE36172007B1AE7 /* calaga-frame1.png in Resources */ = {isa = PBXBuildFile; fileRef = 2EDA5B8C1AE36172007B1AE7 /* calaga-frame1.png */; };
		2EDA5B8F1AE36200007B1AE7 /* playButtonWhite.png in Resources */ = {isa = PBXBuildFile; fileRef = 2EDA5B8E1AE36200007B1AE7 /* playButtonWhite.png */; };
		2EDA5B911AE3795A007B1AE7 /* molio.mov in Resources */ = {isa = PBXBuildFile; fileRef = 2EDA5B901AE3795A007B1AE7 /* molio.mov */; };
		2EDA5B931AE37972007B1AE7 /* molio-frame1.png in Resources */ = {isa = PBXBuildFile; fileRef = 2EDA5B921AE37972007B1AE7 /* molio-frame1.png */; };
		2EDA5B951AE384B5007B1AE7 /* automator.png in Resources */ = {isa = PBXBuildFile; fileRef = 2EDA5B941AE384B5007B1AE7 /* automator.png */; };
		2EDA5B991AE38995007B1AE7 /* cluster.png in Resources */ = {isa = PBXBuildFile; fileRef = 2EDA5B981AE38995007B1AE7 /* cluster.png */; };
		2EDA5B9B1AE38C5E007B1AE7 /* hearATale.png in Resources */ = {isa = PBXBuildFile; fileRef = 2EDA5B9A1AE38C5E007B1AE7 /* hearATale.png */; };
		2EDA5B9D1AE38D64007B1AE7 /* gingerbreadMan.png in Resources */ = {isa = PBXBuildFile; fileRef = 2EDA5B9C1AE38D64007B1AE7 /* gingerbreadMan.png */; };
		2EDA5B9F1AE390F0007B1AE7 /* children.png in Resources */ = {isa = PBXBuildFile; fileRef = 2EDA5B9E1AE390F0007B1AE7 /* children.png */; };
		2EDA5BA11AE39228007B1AE7 /* swift.png in Resources */ = {isa = PBXBuildFile; fileRef = 2EDA5BA01AE39228007B1AE7 /* swift.png */; };
		2EDA5BA31AE39679007B1AE7 /* craig.png in Resources */ = {isa = PBXBuildFile; fileRef = 2EDA5BA21AE39679007B1AE7 /* craig.png */; };
		2EDCC2C21AE1F3340061FD66 /* Globals.swift in Sources */ = {isa = PBXBuildFile; fileRef = 2EDCC2C11AE1F3340061FD66 /* Globals.swift */; };
		2EF276C81AE5E16700D36168 /* orbitJava-frame1.png in Resources */ = {isa = PBXBuildFile; fileRef = 2EF276C71AE5E16700D36168 /* orbitJava-frame1.png */; };
		2EF276CA1AE5E16E00D36168 /* orbitJava.mov in Resources */ = {isa = PBXBuildFile; fileRef = 2EF276C91AE5E16E00D36168 /* orbitJava.mov */; };
		2EF276CC1AE5E87C00D36168 /* squareifyExample.mov in Resources */ = {isa = PBXBuildFile; fileRef = 2EF276CB1AE5E87C00D36168 /* squareifyExample.mov */; };
		2EF276CE1AE5E8A900D36168 /* squareifyExample-frame1.png in Resources */ = {isa = PBXBuildFile; fileRef = 2EF276CD1AE5E8A900D36168 /* squareifyExample-frame1.png */; };
		2EF276D01AE5EA3A00D36168 /* instagramExample.mov in Resources */ = {isa = PBXBuildFile; fileRef = 2EF276CF1AE5EA3A00D36168 /* instagramExample.mov */; };
		2EF276D21AE5EA5800D36168 /* instagramExample-frame1.png in Resources */ = {isa = PBXBuildFile; fileRef = 2EF276D11AE5EA5800D36168 /* instagramExample-frame1.png */; };
		2EF276D41AE5F12A00D36168 /* squareify.mov in Resources */ = {isa = PBXBuildFile; fileRef = 2EF276D31AE5F12A00D36168 /* squareify.mov */; };
		2EF276D61AE5F14100D36168 /* squareify-frame1.png in Resources */ = {isa = PBXBuildFile; fileRef = 2EF276D51AE5F14100D36168 /* squareify-frame1.png */; };
		2EF276D81AE5F1ED00D36168 /* squareifyExport.mov in Resources */ = {isa = PBXBuildFile; fileRef = 2EF276D71AE5F1ED00D36168 /* squareifyExport.mov */; };
		2EF276DA1AE5F1F600D36168 /* squareifyExport-frame1.png in Resources */ = {isa = PBXBuildFile; fileRef = 2EF276D91AE5F1F600D36168 /* squareifyExport-frame1.png */; };
		2EF276DC1AE5FA5600D36168 /* signatureRight.png in Resources */ = {isa = PBXBuildFile; fileRef = 2EF276DB1AE5FA5600D36168 /* signatureRight.png */; };
		440144F01AE96525004AF5E4 /* bottle.png in Resources */ = {isa = PBXBuildFile; fileRef = 440144EF1AE96525004AF5E4 /* bottle.png */; };
		442AD7231AE68F99008BB876 /* producerBuddyDuke.png in Resources */ = {isa = PBXBuildFile; fileRef = 442AD7201AE68F99008BB876 /* producerBuddyDuke.png */; };
		442AD7241AE68F99008BB876 /* producerBuddyLisa.png in Resources */ = {isa = PBXBuildFile; fileRef = 442AD7211AE68F99008BB876 /* producerBuddyLisa.png */; };
		442AD7271AE690E8008BB876 /* WDFAtimer.png in Resources */ = {isa = PBXBuildFile; fileRef = 442AD7261AE690E8008BB876 /* WDFAtimer.png */; };
		445250AF1AE820B7003F35DB /* WebTextCell.swift in Sources */ = {isa = PBXBuildFile; fileRef = 445250AE1AE820B7003F35DB /* WebTextCell.swift */; };
		4463BF151AE9340B004CC5C2 /* dattaGroup.png in Resources */ = {isa = PBXBuildFile; fileRef = 4463BF141AE9340B004CC5C2 /* dattaGroup.png */; };
		448435351AE5273300DD074D /* CGPointVector.swift in Sources */ = {isa = PBXBuildFile; fileRef = 448435301AE5273300DD074D /* CGPointVector.swift */; };
		448435361AE5273300DD074D /* GameScene.sks in Resources */ = {isa = PBXBuildFile; fileRef = 448435311AE5273300DD074D /* GameScene.sks */; };
		448435371AE5273300DD074D /* OrbitScene.swift in Sources */ = {isa = PBXBuildFile; fileRef = 448435321AE5273300DD074D /* OrbitScene.swift */; };
		448435381AE5273300DD074D /* OrbitViewController.swift in Sources */ = {isa = PBXBuildFile; fileRef = 448435331AE5273300DD074D /* OrbitViewController.swift */; };
		448435391AE5273300DD074D /* Planet.swift in Sources */ = {isa = PBXBuildFile; fileRef = 448435341AE5273300DD074D /* Planet.swift */; };
		4484353B1AE5282900DD074D /* AppCell.swift in Sources */ = {isa = PBXBuildFile; fileRef = 4484353A1AE5282900DD074D /* AppCell.swift */; };
		44B718081AE7C8F2008185A4 /* WDFAstill.png in Resources */ = {isa = PBXBuildFile; fileRef = 44B718071AE7C8F2008185A4 /* WDFAstill.png */; };
		44CD9DCF1AE68319004EF079 /* appStore.png in Resources */ = {isa = PBXBuildFile; fileRef = 44CD9DCE1AE68319004EF079 /* appStore.png */; };
		44E8831E1AE7CDED0050CD55 /* calGuru.png in Resources */ = {isa = PBXBuildFile; fileRef = 44E8831D1AE7CDEC0050CD55 /* calGuru.png */; };
/* End PBXBuildFile section */

/* Begin PBXContainerItemProxy section */
		2E9721CE1ADDFB2000F9399E /* PBXContainerItemProxy */ = {
			isa = PBXContainerItemProxy;
			containerPortal = 2E9721B01ADDFB2000F9399E /* Project object */;
			proxyType = 1;
			remoteGlobalIDString = 2E9721B71ADDFB2000F9399E;
			remoteInfo = "About Cal";
		};
/* End PBXContainerItemProxy section */

/* Begin PBXFileReference section */
		2E26293C1ADF3CC900CE6288 /* CellPagingLayout.swift */ = {isa = PBXFileReference; fileEncoding = 4; lastKnownFileType = sourcecode.swift; path = CellPagingLayout.swift; sourceTree = "<group>"; };
		2E26293E1ADF4E1600CE6288 /* IconCollectionView.swift */ = {isa = PBXFileReference; fileEncoding = 4; lastKnownFileType = sourcecode.swift; path = IconCollectionView.swift; sourceTree = "<group>"; };
		2E3FE9D31AE0585300A89515 /* IconCell.swift */ = {isa = PBXFileReference; fileEncoding = 4; lastKnownFileType = sourcecode.swift; path = IconCell.swift; sourceTree = "<group>"; };
		2E3FE9D71AE0661100A89515 /* ContentCollectionView.swift */ = {isa = PBXFileReference; fileEncoding = 4; lastKnownFileType = sourcecode.swift; path = ContentCollectionView.swift; sourceTree = "<group>"; };
		2E3FE9D91AE066F000A89515 /* ContentCell.swift */ = {isa = PBXFileReference; fileEncoding = 4; lastKnownFileType = sourcecode.swift; path = ContentCell.swift; sourceTree = "<group>"; };
		2E544E831AE21ADF00144929 /* ModuleCell.swift */ = {isa = PBXFileReference; fileEncoding = 4; lastKnownFileType = sourcecode.swift; name = ModuleCell.swift; path = "About Cal/ModuleCell.swift"; sourceTree = "<group>"; };
		2E6C47221AE39FC7008A1FF2 /* talk2014.png */ = {isa = PBXFileReference; lastKnownFileType = image.png; path = talk2014.png; sourceTree = "<group>"; };
		2E6C47241AE39FDE008A1FF2 /* MRI.mov */ = {isa = PBXFileReference; lastKnownFileType = video.quicktime; path = MRI.mov; sourceTree = "<group>"; };
		2E6C47261AE3A00A008A1FF2 /* raspberryPi.png */ = {isa = PBXFileReference; lastKnownFileType = image.png; path = raspberryPi.png; sourceTree = "<group>"; };
		2E6C47281AE3A03E008A1FF2 /* MRI-frame1.png */ = {isa = PBXFileReference; lastKnownFileType = image.png; path = "MRI-frame1.png"; sourceTree = "<group>"; };
		2E6C472A1AE3A0B2008A1FF2 /* VideoCell.swift */ = {isa = PBXFileReference; fileEncoding = 4; lastKnownFileType = sourcecode.swift; name = VideoCell.swift; path = "About Cal/VideoCell.swift"; sourceTree = "<group>"; };
		2E6EBE281AE59EDB00CFFC87 /* square.png */ = {isa = PBXFileReference; lastKnownFileType = image.png; path = square.png; sourceTree = "<group>"; };
		2E6EBE2B1AE59F5500CFFC87 /* about splash.png */ = {isa = PBXFileReference; lastKnownFileType = image.png; path = "about splash.png"; sourceTree = "<group>"; };
		2E6EBE301AE59F5500CFFC87 /* CPIdata.txt */ = {isa = PBXFileReference; fileEncoding = 4; lastKnownFileType = text; path = CPIdata.txt; sourceTree = "<group>"; };
		2E6EBE331AE59F5500CFFC87 /* question mark button.png */ = {isa = PBXFileReference; lastKnownFileType = image.png; path = "question mark button.png"; sourceTree = "<group>"; };
		2E6EBE341AE59F5500CFFC87 /* InflationViewController.swift */ = {isa = PBXFileReference; fileEncoding = 4; lastKnownFileType = sourcecode.swift; path = InflationViewController.swift; sourceTree = "<group>"; };
		2E6EBE3F1AE59F7400CFFC87 /* Base */ = {isa = PBXFileReference; lastKnownFileType = file.storyboard; name = Base; path = Base.lproj/Inflation.storyboard; sourceTree = "<group>"; };
		2E6EBE411AE5A96D00CFFC87 /* inflationIcon.png */ = {isa = PBXFileReference; lastKnownFileType = image.png; path = inflationIcon.png; sourceTree = "<group>"; };
		2E6EBE431AE5AA6800CFFC87 /* square2.png */ = {isa = PBXFileReference; lastKnownFileType = image.png; path = square2.png; sourceTree = "<group>"; };
		2E6EBE451AE5AD2800CFFC87 /* watch.png */ = {isa = PBXFileReference; lastKnownFileType = image.png; path = watch.png; sourceTree = "<group>"; };
		2E6EBE491AE5D10800CFFC87 /* launchScreenGradient.png */ = {isa = PBXFileReference; lastKnownFileType = image.png; path = launchScreenGradient.png; sourceTree = "<group>"; };
		2E8D0FC31AE98D9A00B93A0C /* inflationInStore.png */ = {isa = PBXFileReference; lastKnownFileType = image.png; path = inflationInStore.png; sourceTree = "<group>"; };
		2E8D0FC51AE99C2E00B93A0C /* cal2011.png */ = {isa = PBXFileReference; lastKnownFileType = image.png; path = cal2011.png; sourceTree = "<group>"; };
		2E9721B81ADDFB2000F9399E /* About Cal.app */ = {isa = PBXFileReference; explicitFileType = wrapper.application; includeInIndex = 0; path = "About Cal.app"; sourceTree = BUILT_PRODUCTS_DIR; };
		2E9721BC1ADDFB2000F9399E /* Info.plist */ = {isa = PBXFileReference; lastKnownFileType = text.plist.xml; path = Info.plist; sourceTree = "<group>"; };
		2E9721BD1ADDFB2000F9399E /* AppDelegate.swift */ = {isa = PBXFileReference; lastKnownFileType = sourcecode.swift; path = AppDelegate.swift; sourceTree = "<group>"; };
		2E9721BF1ADDFB2000F9399E /* ViewController.swift */ = {isa = PBXFileReference; lastKnownFileType = sourcecode.swift; path = ViewController.swift; sourceTree = "<group>"; };
		2E9721C21ADDFB2000F9399E /* Base */ = {isa = PBXFileReference; lastKnownFileType = file.storyboard; name = Base; path = Base.lproj/Main.storyboard; sourceTree = "<group>"; };
		2E9721C41ADDFB2000F9399E /* Images.xcassets */ = {isa = PBXFileReference; lastKnownFileType = folder.assetcatalog; path = Images.xcassets; sourceTree = "<group>"; };
		2E9721C71ADDFB2000F9399E /* Base */ = {isa = PBXFileReference; lastKnownFileType = file.xib; name = Base; path = Base.lproj/LaunchScreen.xib; sourceTree = "<group>"; };
		2E9721CD1ADDFB2000F9399E /* About CalTests.xctest */ = {isa = PBXFileReference; explicitFileType = wrapper.cfbundle; includeInIndex = 0; path = "About CalTests.xctest"; sourceTree = BUILT_PRODUCTS_DIR; };
		2E9721D21ADDFB2000F9399E /* Info.plist */ = {isa = PBXFileReference; lastKnownFileType = text.plist.xml; path = Info.plist; sourceTree = "<group>"; };
		2E9721D31ADDFB2000F9399E /* About_CalTests.swift */ = {isa = PBXFileReference; lastKnownFileType = sourcecode.swift; path = About_CalTests.swift; sourceTree = "<group>"; };
		2ECD57761AE4B7E700F2CB71 /* orbit.png */ = {isa = PBXFileReference; lastKnownFileType = image.png; path = orbit.png; sourceTree = "<group>"; };
		2ED171701AE6F84F009E08B4 /* producerBuddyIcon.png */ = {isa = PBXFileReference; lastKnownFileType = image.png; path = producerBuddyIcon.png; sourceTree = "<group>"; };
		2ED171721AE6F8F2009E08B4 /* squareifyIcon.png */ = {isa = PBXFileReference; lastKnownFileType = image.png; path = squareifyIcon.png; sourceTree = "<group>"; };
		2ED9FAEA1AE2F282007BBDE8 /* content.xml */ = {isa = PBXFileReference; fileEncoding = 4; lastKnownFileType = text.xml; path = content.xml; sourceTree = "<group>"; };
		2ED9FAEC1AE2F372007BBDE8 /* ContentParser.swift */ = {isa = PBXFileReference; fileEncoding = 4; lastKnownFileType = sourcecode.swift; path = ContentParser.swift; sourceTree = "<group>"; };
		2ED9FAF11AE3033D007BBDE8 /* blankApp.png */ = {isa = PBXFileReference; lastKnownFileType = image.png; path = blankApp.png; sourceTree = "<group>"; };
		2ED9FAF21AE3033D007BBDE8 /* cal icon.png */ = {isa = PBXFileReference; lastKnownFileType = image.png; path = "cal icon.png"; sourceTree = "<group>"; };
		2ED9FAF51AE308EA007BBDE8 /* minecraft.png */ = {isa = PBXFileReference; lastKnownFileType = image.png; path = minecraft.png; sourceTree = "<group>"; };
		2ED9FAF91AE31455007BBDE8 /* TitleCell.swift */ = {isa = PBXFileReference; fileEncoding = 4; lastKnownFileType = sourcecode.swift; name = TitleCell.swift; path = "About Cal/TitleCell.swift"; sourceTree = "<group>"; };
		2ED9FAFE1AE323D2007BBDE8 /* wwdc logo.png */ = {isa = PBXFileReference; lastKnownFileType = image.png; path = "wwdc logo.png"; sourceTree = "<group>"; };
		2ED9FB041AE33919007BBDE8 /* hello world.png */ = {isa = PBXFileReference; lastKnownFileType = image.png; path = "hello world.png"; sourceTree = "<group>"; };
		2ED9FB0A1AE34214007BBDE8 /* olympus.png */ = {isa = PBXFileReference; lastKnownFileType = image.png; path = olympus.png; sourceTree = "<group>"; };
		2ED9FB0C1AE34991007BBDE8 /* olyAnvilLogo.png */ = {isa = PBXFileReference; lastKnownFileType = image.png; path = olyAnvilLogo.png; sourceTree = "<group>"; };
		2ED9FB0E1AE34D54007BBDE8 /* ImageCell.swift */ = {isa = PBXFileReference; fileEncoding = 4; lastKnownFileType = sourcecode.swift; name = ImageCell.swift; path = "About Cal/ImageCell.swift"; sourceTree = "<group>"; };
		2ED9FB0F1AE34D54007BBDE8 /* TextCell.swift */ = {isa = PBXFileReference; fileEncoding = 4; lastKnownFileType = sourcecode.swift; name = TextCell.swift; path = "About Cal/TextCell.swift"; sourceTree = "<group>"; };
		2ED9FB121AE34FCE007BBDE8 /* unity-logo.png */ = {isa = PBXFileReference; lastKnownFileType = image.png; path = "unity-logo.png"; sourceTree = "<group>"; };
		2ED9FB141AE350A3007BBDE8 /* AVKit.framework */ = {isa = PBXFileReference; lastKnownFileType = wrapper.framework; name = AVKit.framework; path = System/Library/Frameworks/AVKit.framework; sourceTree = SDKROOT; };
		2ED9FB181AE35448007BBDE8 /* AVFoundation.framework */ = {isa = PBXFileReference; lastKnownFileType = wrapper.framework; name = AVFoundation.framework; path = System/Library/Frameworks/AVFoundation.framework; sourceTree = SDKROOT; };
		2EDA5B861AE358F9007B1AE7 /* playButton.png */ = {isa = PBXFileReference; lastKnownFileType = image.png; path = playButton.png; sourceTree = "<group>"; };
		2EDA5B8A1AE36161007B1AE7 /* calaga.mov */ = {isa = PBXFileReference; lastKnownFileType = video.quicktime; path = calaga.mov; sourceTree = "<group>"; };
		2EDA5B8C1AE36172007B1AE7 /* calaga-frame1.png */ = {isa = PBXFileReference; lastKnownFileType = image.png; path = "calaga-frame1.png"; sourceTree = "<group>"; };
		2EDA5B8E1AE36200007B1AE7 /* playButtonWhite.png */ = {isa = PBXFileReference; lastKnownFileType = image.png; path = playButtonWhite.png; sourceTree = "<group>"; };
		2EDA5B901AE3795A007B1AE7 /* molio.mov */ = {isa = PBXFileReference; lastKnownFileType = video.quicktime; path = molio.mov; sourceTree = "<group>"; };
		2EDA5B921AE37972007B1AE7 /* molio-frame1.png */ = {isa = PBXFileReference; lastKnownFileType = image.png; path = "molio-frame1.png"; sourceTree = "<group>"; };
		2EDA5B941AE384B5007B1AE7 /* automator.png */ = {isa = PBXFileReference; lastKnownFileType = image.png; path = automator.png; sourceTree = "<group>"; };
		2EDA5B981AE38995007B1AE7 /* cluster.png */ = {isa = PBXFileReference; lastKnownFileType = image.png; path = cluster.png; sourceTree = "<group>"; };
		2EDA5B9A1AE38C5E007B1AE7 /* hearATale.png */ = {isa = PBXFileReference; lastKnownFileType = image.png; path = hearATale.png; sourceTree = "<group>"; };
		2EDA5B9C1AE38D64007B1AE7 /* gingerbreadMan.png */ = {isa = PBXFileReference; lastKnownFileType = image.png; path = gingerbreadMan.png; sourceTree = "<group>"; };
		2EDA5B9E1AE390F0007B1AE7 /* children.png */ = {isa = PBXFileReference; lastKnownFileType = image.png; path = children.png; sourceTree = "<group>"; };
		2EDA5BA01AE39228007B1AE7 /* swift.png */ = {isa = PBXFileReference; lastKnownFileType = image.png; path = swift.png; sourceTree = "<group>"; };
		2EDA5BA21AE39679007B1AE7 /* craig.png */ = {isa = PBXFileReference; lastKnownFileType = image.png; path = craig.png; sourceTree = "<group>"; };
		2EDCC2C11AE1F3340061FD66 /* Globals.swift */ = {isa = PBXFileReference; fileEncoding = 4; lastKnownFileType = sourcecode.swift; path = Globals.swift; sourceTree = "<group>"; };
		2EF276C71AE5E16700D36168 /* orbitJava-frame1.png */ = {isa = PBXFileReference; lastKnownFileType = image.png; path = "orbitJava-frame1.png"; sourceTree = "<group>"; };
		2EF276C91AE5E16E00D36168 /* orbitJava.mov */ = {isa = PBXFileReference; lastKnownFileType = video.quicktime; path = orbitJava.mov; sourceTree = "<group>"; };
		2EF276CB1AE5E87C00D36168 /* squareifyExample.mov */ = {isa = PBXFileReference; lastKnownFileType = video.quicktime; path = squareifyExample.mov; sourceTree = "<group>"; };
		2EF276CD1AE5E8A900D36168 /* squareifyExample-frame1.png */ = {isa = PBXFileReference; lastKnownFileType = image.png; path = "squareifyExample-frame1.png"; sourceTree = "<group>"; };
		2EF276CF1AE5EA3A00D36168 /* instagramExample.mov */ = {isa = PBXFileReference; lastKnownFileType = video.quicktime; path = instagramExample.mov; sourceTree = "<group>"; };
		2EF276D11AE5EA5800D36168 /* instagramExample-frame1.png */ = {isa = PBXFileReference; lastKnownFileType = image.png; path = "instagramExample-frame1.png"; sourceTree = "<group>"; };
		2EF276D31AE5F12A00D36168 /* squareify.mov */ = {isa = PBXFileReference; lastKnownFileType = video.quicktime; path = squareify.mov; sourceTree = "<group>"; };
		2EF276D51AE5F14100D36168 /* squareify-frame1.png */ = {isa = PBXFileReference; lastKnownFileType = image.png; path = "squareify-frame1.png"; sourceTree = "<group>"; };
		2EF276D71AE5F1ED00D36168 /* squareifyExport.mov */ = {isa = PBXFileReference; lastKnownFileType = video.quicktime; path = squareifyExport.mov; sourceTree = "<group>"; };
		2EF276D91AE5F1F600D36168 /* squareifyExport-frame1.png */ = {isa = PBXFileReference; lastKnownFileType = image.png; path = "squareifyExport-frame1.png"; sourceTree = "<group>"; };
		2EF276DB1AE5FA5600D36168 /* signatureRight.png */ = {isa = PBXFileReference; lastKnownFileType = image.png; path = signatureRight.png; sourceTree = "<group>"; };
		440144EF1AE96525004AF5E4 /* bottle.png */ = {isa = PBXFileReference; lastKnownFileType = image.png; path = bottle.png; sourceTree = "<group>"; };
		442AD7201AE68F99008BB876 /* producerBuddyDuke.png */ = {isa = PBXFileReference; lastKnownFileType = image.png; path = producerBuddyDuke.png; sourceTree = "<group>"; };
		442AD7211AE68F99008BB876 /* producerBuddyLisa.png */ = {isa = PBXFileReference; lastKnownFileType = image.png; path = producerBuddyLisa.png; sourceTree = "<group>"; };
		442AD7261AE690E8008BB876 /* WDFAtimer.png */ = {isa = PBXFileReference; lastKnownFileType = image.png; path = WDFAtimer.png; sourceTree = "<group>"; };
		445250AE1AE820B7003F35DB /* WebTextCell.swift */ = {isa = PBXFileReference; fileEncoding = 4; lastKnownFileType = sourcecode.swift; name = WebTextCell.swift; path = "About Cal/WebTextCell.swift"; sourceTree = "<group>"; };
		4463BF141AE9340B004CC5C2 /* dattaGroup.png */ = {isa = PBXFileReference; lastKnownFileType = image.png; path = dattaGroup.png; sourceTree = "<group>"; };
		448435301AE5273300DD074D /* CGPointVector.swift */ = {isa = PBXFileReference; fileEncoding = 4; lastKnownFileType = sourcecode.swift; path = CGPointVector.swift; sourceTree = "<group>"; };
		448435311AE5273300DD074D /* GameScene.sks */ = {isa = PBXFileReference; lastKnownFileType = file.sks; path = GameScene.sks; sourceTree = "<group>"; };
		448435321AE5273300DD074D /* OrbitScene.swift */ = {isa = PBXFileReference; fileEncoding = 4; lastKnownFileType = sourcecode.swift; path = OrbitScene.swift; sourceTree = "<group>"; };
		448435331AE5273300DD074D /* OrbitViewController.swift */ = {isa = PBXFileReference; fileEncoding = 4; lastKnownFileType = sourcecode.swift; path = OrbitViewController.swift; sourceTree = "<group>"; };
		448435341AE5273300DD074D /* Planet.swift */ = {isa = PBXFileReference; fileEncoding = 4; lastKnownFileType = sourcecode.swift; path = Planet.swift; sourceTree = "<group>"; };
		4484353A1AE5282900DD074D /* AppCell.swift */ = {isa = PBXFileReference; fileEncoding = 4; lastKnownFileType = sourcecode.swift; name = AppCell.swift; path = "About Cal/AppCell.swift"; sourceTree = "<group>"; };
		44B718071AE7C8F2008185A4 /* WDFAstill.png */ = {isa = PBXFileReference; lastKnownFileType = image.png; path = WDFAstill.png; sourceTree = "<group>"; };
		44CD9DCE1AE68319004EF079 /* appStore.png */ = {isa = PBXFileReference; lastKnownFileType = image.png; path = appStore.png; sourceTree = "<group>"; };
		44E8831D1AE7CDEC0050CD55 /* calGuru.png */ = {isa = PBXFileReference; lastKnownFileType = image.png; path = calGuru.png; sourceTree = "<group>"; };
/* End PBXFileReference section */

/* Begin PBXFrameworksBuildPhase section */
		2E9721B51ADDFB2000F9399E /* Frameworks */ = {
			isa = PBXFrameworksBuildPhase;
			buildActionMask = 2147483647;
			files = (
				2ED9FB191AE35448007BBDE8 /* AVFoundation.framework in Frameworks */,
				2ED9FB151AE350A3007BBDE8 /* AVKit.framework in Frameworks */,
			);
			runOnlyForDeploymentPostprocessing = 0;
		};
		2E9721CA1ADDFB2000F9399E /* Frameworks */ = {
			isa = PBXFrameworksBuildPhase;
			buildActionMask = 2147483647;
			files = (
			);
			runOnlyForDeploymentPostprocessing = 0;
		};
/* End PBXFrameworksBuildPhase section */

/* Begin PBXGroup section */
		2E6EBE2A1AE59F5500CFFC87 /* Inflation Calculator */ = {
			isa = PBXGroup;
			children = (
				2E6EBE2B1AE59F5500CFFC87 /* about splash.png */,
				2E6EBE3E1AE59F7400CFFC87 /* Inflation.storyboard */,
				2E6EBE301AE59F5500CFFC87 /* CPIdata.txt */,
				2E6EBE331AE59F5500CFFC87 /* question mark button.png */,
				2E6EBE341AE59F5500CFFC87 /* InflationViewController.swift */,
			);
			path = "Inflation Calculator";
			sourceTree = "<group>";
		};
		2E9721AF1ADDFB2000F9399E = {
			isa = PBXGroup;
			children = (
				2ED9FB181AE35448007BBDE8 /* AVFoundation.framework */,
				2ED9FB141AE350A3007BBDE8 /* AVKit.framework */,
				2E9721BA1ADDFB2000F9399E /* About Cal */,
				2E9721D01ADDFB2000F9399E /* About CalTests */,
				2E9721B91ADDFB2000F9399E /* Products */,
			);
			sourceTree = "<group>";
		};
		2E9721B91ADDFB2000F9399E /* Products */ = {
			isa = PBXGroup;
			children = (
				2E9721B81ADDFB2000F9399E /* About Cal.app */,
				2E9721CD1ADDFB2000F9399E /* About CalTests.xctest */,
			);
			name = Products;
			sourceTree = "<group>";
		};
		2E9721BA1ADDFB2000F9399E /* About Cal */ = {
			isa = PBXGroup;
			children = (
				2ED9FAEA1AE2F282007BBDE8 /* content.xml */,
				2ED9FAF01AE3033D007BBDE8 /* images */,
				4484352E1AE5273300DD074D /* embedded apps */,
				2E9721BF1ADDFB2000F9399E /* ViewController.swift */,
				2E9721BD1ADDFB2000F9399E /* AppDelegate.swift */,
				2EDCC2C11AE1F3340061FD66 /* Globals.swift */,
				2ED9FAEC1AE2F372007BBDE8 /* ContentParser.swift */,
				2E9721C11ADDFB2000F9399E /* Main.storyboard */,
				2E9721C41ADDFB2000F9399E /* Images.xcassets */,
				2E9721C61ADDFB2000F9399E /* LaunchScreen.xib */,
				2E9721BB1ADDFB2000F9399E /* Supporting Files */,
				2E26293C1ADF3CC900CE6288 /* CellPagingLayout.swift */,
				2E26293E1ADF4E1600CE6288 /* IconCollectionView.swift */,
				2E3FE9D31AE0585300A89515 /* IconCell.swift */,
				2E3FE9D71AE0661100A89515 /* ContentCollectionView.swift */,
				2E3FE9D91AE066F000A89515 /* ContentCell.swift */,
				2ED9FAFB1AE31486007BBDE8 /* ModuleCells */,
			);
			path = "About Cal";
			sourceTree = "<group>";
		};
		2E9721BB1ADDFB2000F9399E /* Supporting Files */ = {
			isa = PBXGroup;
			children = (
				2E9721BC1ADDFB2000F9399E /* Info.plist */,
			);
			name = "Supporting Files";
			sourceTree = "<group>";
		};
		2E9721D01ADDFB2000F9399E /* About CalTests */ = {
			isa = PBXGroup;
			children = (
				2E9721D31ADDFB2000F9399E /* About_CalTests.swift */,
				2E9721D11ADDFB2000F9399E /* Supporting Files */,
			);
			path = "About CalTests";
			sourceTree = "<group>";
		};
		2E9721D11ADDFB2000F9399E /* Supporting Files */ = {
			isa = PBXGroup;
			children = (
				2E9721D21ADDFB2000F9399E /* Info.plist */,
			);
			name = "Supporting Files";
			sourceTree = "<group>";
		};
		2ED9FAF01AE3033D007BBDE8 /* images */ = {
			isa = PBXGroup;
			children = (
				2E8D0FC51AE99C2E00B93A0C /* cal2011.png */,
				2E8D0FC31AE98D9A00B93A0C /* inflationInStore.png */,
				440144EF1AE96525004AF5E4 /* bottle.png */,
				4463BF141AE9340B004CC5C2 /* dattaGroup.png */,
				2ED171721AE6F8F2009E08B4 /* squareifyIcon.png */,
				2EF276CF1AE5EA3A00D36168 /* instagramExample.mov */,
				2EF276D11AE5EA5800D36168 /* instagramExample-frame1.png */,
				2EF276CB1AE5E87C00D36168 /* squareifyExample.mov */,
				2EF276CD1AE5E8A900D36168 /* squareifyExample-frame1.png */,
				2EF276D71AE5F1ED00D36168 /* squareifyExport.mov */,
				2EF276D91AE5F1F600D36168 /* squareifyExport-frame1.png */,
				2EF276D31AE5F12A00D36168 /* squareify.mov */,
				2EF276D51AE5F14100D36168 /* squareify-frame1.png */,
				2EF276C91AE5E16E00D36168 /* orbitJava.mov */,
				2EF276C71AE5E16700D36168 /* orbitJava-frame1.png */,
				2E6EBE491AE5D10800CFFC87 /* launchScreenGradient.png */,
				2E6EBE451AE5AD2800CFFC87 /* watch.png */,
				2E6EBE281AE59EDB00CFFC87 /* square.png */,
				2E6EBE431AE5AA6800CFFC87 /* square2.png */,
				2ECD57761AE4B7E700F2CB71 /* orbit.png */,
				44CD9DCE1AE68319004EF079 /* appStore.png */,
				2E6EBE411AE5A96D00CFFC87 /* inflationIcon.png */,
				2E6C47261AE3A00A008A1FF2 /* raspberryPi.png */,
				2E6C47221AE39FC7008A1FF2 /* talk2014.png */,
				2E6C47241AE39FDE008A1FF2 /* MRI.mov */,
				2E6C47281AE3A03E008A1FF2 /* MRI-frame1.png */,
				2EDA5BA01AE39228007B1AE7 /* swift.png */,
				2EDA5BA21AE39679007B1AE7 /* craig.png */,
				2EDA5B941AE384B5007B1AE7 /* automator.png */,
				2EDA5B981AE38995007B1AE7 /* cluster.png */,
				44E8831D1AE7CDEC0050CD55 /* calGuru.png */,
				2EDA5B9A1AE38C5E007B1AE7 /* hearATale.png */,
				2EDA5B9E1AE390F0007B1AE7 /* children.png */,
				2EDA5B9C1AE38D64007B1AE7 /* gingerbreadMan.png */,
				2EDA5B861AE358F9007B1AE7 /* playButton.png */,
				2EDA5B8E1AE36200007B1AE7 /* playButtonWhite.png */,
				2ED9FB121AE34FCE007BBDE8 /* unity-logo.png */,
				2ED9FB0C1AE34991007BBDE8 /* olyAnvilLogo.png */,
				2ED9FB0A1AE34214007BBDE8 /* olympus.png */,
				2ED9FB041AE33919007BBDE8 /* hello world.png */,
				2ED9FAFE1AE323D2007BBDE8 /* wwdc logo.png */,
				2ED9FAF51AE308EA007BBDE8 /* minecraft.png */,
				2ED9FAF11AE3033D007BBDE8 /* blankApp.png */,
				2ED9FAF21AE3033D007BBDE8 /* cal icon.png */,
				2EDA5B8A1AE36161007B1AE7 /* calaga.mov */,
				2EDA5B8C1AE36172007B1AE7 /* calaga-frame1.png */,
				2EDA5B901AE3795A007B1AE7 /* molio.mov */,
				2EDA5B921AE37972007B1AE7 /* molio-frame1.png */,
				2EF276DB1AE5FA5600D36168 /* signatureRight.png */,
				442AD7201AE68F99008BB876 /* producerBuddyDuke.png */,
				442AD7211AE68F99008BB876 /* producerBuddyLisa.png */,
				2ED171701AE6F84F009E08B4 /* producerBuddyIcon.png */,
				442AD7261AE690E8008BB876 /* WDFAtimer.png */,
				44B718071AE7C8F2008185A4 /* WDFAstill.png */,
			);
			path = images;
			sourceTree = "<group>";
		};
		2ED9FAFB1AE31486007BBDE8 /* ModuleCells */ = {
			isa = PBXGroup;
			children = (
				2E544E831AE21ADF00144929 /* ModuleCell.swift */,
				4484353A1AE5282900DD074D /* AppCell.swift */,
				2ED9FAF91AE31455007BBDE8 /* TitleCell.swift */,
				2ED9FB0E1AE34D54007BBDE8 /* ImageCell.swift */,
				2ED9FB0F1AE34D54007BBDE8 /* TextCell.swift */,
				2E6C472A1AE3A0B2008A1FF2 /* VideoCell.swift */,
				445250AE1AE820B7003F35DB /* WebTextCell.swift */,
			);
			name = ModuleCells;
			path = ..;
			sourceTree = "<group>";
		};
		4484352E1AE5273300DD074D /* embedded apps */ = {
			isa = PBXGroup;
			children = (
				2E6EBE2A1AE59F5500CFFC87 /* Inflation Calculator */,
				4484352F1AE5273300DD074D /* Orbit */,
			);
			path = "embedded apps";
			sourceTree = "<group>";
		};
		4484352F1AE5273300DD074D /* Orbit */ = {
			isa = PBXGroup;
			children = (
				448435301AE5273300DD074D /* CGPointVector.swift */,
				448435311AE5273300DD074D /* GameScene.sks */,
				448435321AE5273300DD074D /* OrbitScene.swift */,
				448435331AE5273300DD074D /* OrbitViewController.swift */,
				448435341AE5273300DD074D /* Planet.swift */,
			);
			path = Orbit;
			sourceTree = "<group>";
		};
/* End PBXGroup section */

/* Begin PBXNativeTarget section */
		2E9721B71ADDFB2000F9399E /* About Cal */ = {
			isa = PBXNativeTarget;
			buildConfigurationList = 2E9721D71ADDFB2000F9399E /* Build configuration list for PBXNativeTarget "About Cal" */;
			buildPhases = (
				2E9721B41ADDFB2000F9399E /* Sources */,
				2E9721B51ADDFB2000F9399E /* Frameworks */,
				2E9721B61ADDFB2000F9399E /* Resources */,
			);
			buildRules = (
			);
			dependencies = (
			);
			name = "About Cal";
			productName = "About Cal";
			productReference = 2E9721B81ADDFB2000F9399E /* About Cal.app */;
			productType = "com.apple.product-type.application";
		};
		2E9721CC1ADDFB2000F9399E /* About CalTests */ = {
			isa = PBXNativeTarget;
			buildConfigurationList = 2E9721DA1ADDFB2000F9399E /* Build configuration list for PBXNativeTarget "About CalTests" */;
			buildPhases = (
				2E9721C91ADDFB2000F9399E /* Sources */,
				2E9721CA1ADDFB2000F9399E /* Frameworks */,
				2E9721CB1ADDFB2000F9399E /* Resources */,
			);
			buildRules = (
			);
			dependencies = (
				2E9721CF1ADDFB2000F9399E /* PBXTargetDependency */,
			);
			name = "About CalTests";
			productName = "About CalTests";
			productReference = 2E9721CD1ADDFB2000F9399E /* About CalTests.xctest */;
			productType = "com.apple.product-type.bundle.unit-test";
		};
/* End PBXNativeTarget section */

/* Begin PBXProject section */
		2E9721B01ADDFB2000F9399E /* Project object */ = {
			isa = PBXProject;
			attributes = {
				LastSwiftMigration = 0730;
				LastSwiftUpdateCheck = 0730;
				LastUpgradeCheck = 0620;
				ORGANIZATIONNAME = "Cal Stephens";
				TargetAttributes = {
					2E9721B71ADDFB2000F9399E = {
						CreatedOnToolsVersion = 6.2;
						DevelopmentTeam = FZ89A5SZ7C;
					};
					2E9721CC1ADDFB2000F9399E = {
						CreatedOnToolsVersion = 6.2;
						TestTargetID = 2E9721B71ADDFB2000F9399E;
					};
				};
			};
			buildConfigurationList = 2E9721B31ADDFB2000F9399E /* Build configuration list for PBXProject "About Cal" */;
			compatibilityVersion = "Xcode 3.2";
			developmentRegion = English;
			hasScannedForEncodings = 0;
			knownRegions = (
				en,
				Base,
			);
			mainGroup = 2E9721AF1ADDFB2000F9399E;
			productRefGroup = 2E9721B91ADDFB2000F9399E /* Products */;
			projectDirPath = "";
			projectRoot = "";
			targets = (
				2E9721B71ADDFB2000F9399E /* About Cal */,
				2E9721CC1ADDFB2000F9399E /* About CalTests */,
			);
		};
/* End PBXProject section */

/* Begin PBXResourcesBuildPhase section */
		2E9721B61ADDFB2000F9399E /* Resources */ = {
			isa = PBXResourcesBuildPhase;
			buildActionMask = 2147483647;
			files = (
				2ED9FB0B1AE34214007BBDE8 /* olympus.png in Resources */,
				2EDA5B8B1AE36161007B1AE7 /* calaga.mov in Resources */,
				2EF276D41AE5F12A00D36168 /* squareify.mov in Resources */,
				2ED9FAFF1AE323D2007BBDE8 /* wwdc logo.png in Resources */,
				2E6EBE351AE59F5500CFFC87 /* about splash.png in Resources */,
				2ED9FAF41AE3033D007BBDE8 /* cal icon.png in Resources */,
				2EF276DC1AE5FA5600D36168 /* signatureRight.png in Resources */,
				2E8D0FC41AE98D9A00B93A0C /* inflationInStore.png in Resources */,
				2ED9FB051AE33919007BBDE8 /* hello world.png in Resources */,
				2EDA5B8F1AE36200007B1AE7 /* playButtonWhite.png in Resources */,
				2EF276DA1AE5F1F600D36168 /* squareifyExport-frame1.png in Resources */,
				2E9721C31ADDFB2000F9399E /* Main.storyboard in Resources */,
				44B718081AE7C8F2008185A4 /* WDFAstill.png in Resources */,
				2E8D0FC61AE99C2E00B93A0C /* cal2011.png in Resources */,
				2EDA5B9B1AE38C5E007B1AE7 /* hearATale.png in Resources */,
				4463BF151AE9340B004CC5C2 /* dattaGroup.png in Resources */,
				2EDA5B9F1AE390F0007B1AE7 /* children.png in Resources */,
				2EF276C81AE5E16700D36168 /* orbitJava-frame1.png in Resources */,
				2E6C47271AE3A00A008A1FF2 /* raspberryPi.png in Resources */,
				2EDA5B8D1AE36172007B1AE7 /* calaga-frame1.png in Resources */,
				2EDA5BA31AE39679007B1AE7 /* craig.png in Resources */,
				2E6EBE461AE5AD2800CFFC87 /* watch.png in Resources */,
				2ED171731AE6F8F2009E08B4 /* squareifyIcon.png in Resources */,
				2E6C47251AE39FDE008A1FF2 /* MRI.mov in Resources */,
				2ED9FAF61AE308EA007BBDE8 /* minecraft.png in Resources */,
				2E6EBE3C1AE59F5500CFFC87 /* question mark button.png in Resources */,
				2E6C47291AE3A03E008A1FF2 /* MRI-frame1.png in Resources */,
				2EDA5B991AE38995007B1AE7 /* cluster.png in Resources */,
				2EDA5B931AE37972007B1AE7 /* molio-frame1.png in Resources */,
				2ED9FAF31AE3033D007BBDE8 /* blankApp.png in Resources */,
				2E9721C81ADDFB2000F9399E /* LaunchScreen.xib in Resources */,
				2EF276D01AE5EA3A00D36168 /* instagramExample.mov in Resources */,
				2EF276D81AE5F1ED00D36168 /* squareifyExport.mov in Resources */,
				2EF276D21AE5EA5800D36168 /* instagramExample-frame1.png in Resources */,
				2EDA5B911AE3795A007B1AE7 /* molio.mov in Resources */,
				2ED9FAEB1AE2F282007BBDE8 /* content.xml in Resources */,
				2E9721C51ADDFB2000F9399E /* Images.xcassets in Resources */,
				2E6EBE441AE5AA6800CFFC87 /* square2.png in Resources */,
				2EDA5B9D1AE38D64007B1AE7 /* gingerbreadMan.png in Resources */,
				2E6C47231AE39FC7008A1FF2 /* talk2014.png in Resources */,
				448435361AE5273300DD074D /* GameScene.sks in Resources */,
				2E6EBE421AE5A96D00CFFC87 /* inflationIcon.png in Resources */,
				2ED9FB131AE34FCE007BBDE8 /* unity-logo.png in Resources */,
				2E6EBE391AE59F5500CFFC87 /* CPIdata.txt in Resources */,
				44E8831E1AE7CDED0050CD55 /* calGuru.png in Resources */,
				2E6EBE401AE59F7400CFFC87 /* Inflation.storyboard in Resources */,
				2EF276CC1AE5E87C00D36168 /* squareifyExample.mov in Resources */,
				440144F01AE96525004AF5E4 /* bottle.png in Resources */,
				2EDA5B951AE384B5007B1AE7 /* automator.png in Resources */,
				2ED9FB0D1AE34991007BBDE8 /* olyAnvilLogo.png in Resources */,
				442AD7271AE690E8008BB876 /* WDFAtimer.png in Resources */,
				2ECD57771AE4B7E700F2CB71 /* orbit.png in Resources */,
				2EDA5BA11AE39228007B1AE7 /* swift.png in Resources */,
				2ED171711AE6F84F009E08B4 /* producerBuddyIcon.png in Resources */,
				2E6EBE4A1AE5D10800CFFC87 /* launchScreenGradient.png in Resources */,
				2E6EBE291AE59EDB00CFFC87 /* square.png in Resources */,
				442AD7241AE68F99008BB876 /* producerBuddyLisa.png in Resources */,
				2EF276CE1AE5E8A900D36168 /* squareifyExample-frame1.png in Resources */,
				2EDA5B871AE358F9007B1AE7 /* playButton.png in Resources */,
				442AD7231AE68F99008BB876 /* producerBuddyDuke.png in Resources */,
				44CD9DCF1AE68319004EF079 /* appStore.png in Resources */,
				2EF276CA1AE5E16E00D36168 /* orbitJava.mov in Resources */,
				2EF276D61AE5F14100D36168 /* squareify-frame1.png in Resources */,
			);
			runOnlyForDeploymentPostprocessing = 0;
		};
		2E9721CB1ADDFB2000F9399E /* Resources */ = {
			isa = PBXResourcesBuildPhase;
			buildActionMask = 2147483647;
			files = (
			);
			runOnlyForDeploymentPostprocessing = 0;
		};
/* End PBXResourcesBuildPhase section */

/* Begin PBXSourcesBuildPhase section */
		2E9721B41ADDFB2000F9399E /* Sources */ = {
			isa = PBXSourcesBuildPhase;
			buildActionMask = 2147483647;
			files = (
				2E9721C01ADDFB2000F9399E /* ViewController.swift in Sources */,
				2E544E841AE21ADF00144929 /* ModuleCell.swift in Sources */,
				2E3FE9DA1AE066F000A89515 /* ContentCell.swift in Sources */,
				4484353B1AE5282900DD074D /* AppCell.swift in Sources */,
				2E6EBE3D1AE59F5500CFFC87 /* InflationViewController.swift in Sources */,
				448435391AE5273300DD074D /* Planet.swift in Sources */,
				2E3FE9D41AE0585300A89515 /* IconCell.swift in Sources */,
				2E6C472B1AE3A0B2008A1FF2 /* VideoCell.swift in Sources */,
				2E3FE9D81AE0661100A89515 /* ContentCollectionView.swift in Sources */,
				2E9721BE1ADDFB2000F9399E /* AppDelegate.swift in Sources */,
				2E26293F1ADF4E1600CE6288 /* IconCollectionView.swift in Sources */,
				2E26293D1ADF3CC900CE6288 /* CellPagingLayout.swift in Sources */,
				448435371AE5273300DD074D /* OrbitScene.swift in Sources */,
				2ED9FAED1AE2F372007BBDE8 /* ContentParser.swift in Sources */,
				445250AF1AE820B7003F35DB /* WebTextCell.swift in Sources */,
				448435351AE5273300DD074D /* CGPointVector.swift in Sources */,
				448435381AE5273300DD074D /* OrbitViewController.swift in Sources */,
				2ED9FB111AE34D54007BBDE8 /* TextCell.swift in Sources */,
				2EDCC2C21AE1F3340061FD66 /* Globals.swift in Sources */,
				2ED9FAFA1AE31455007BBDE8 /* TitleCell.swift in Sources */,
				2ED9FB101AE34D54007BBDE8 /* ImageCell.swift in Sources */,
			);
			runOnlyForDeploymentPostprocessing = 0;
		};
		2E9721C91ADDFB2000F9399E /* Sources */ = {
			isa = PBXSourcesBuildPhase;
			buildActionMask = 2147483647;
			files = (
				2E9721D41ADDFB2000F9399E /* About_CalTests.swift in Sources */,
			);
			runOnlyForDeploymentPostprocessing = 0;
		};
/* End PBXSourcesBuildPhase section */

/* Begin PBXTargetDependency section */
		2E9721CF1ADDFB2000F9399E /* PBXTargetDependency */ = {
			isa = PBXTargetDependency;
			target = 2E9721B71ADDFB2000F9399E /* About Cal */;
			targetProxy = 2E9721CE1ADDFB2000F9399E /* PBXContainerItemProxy */;
		};
/* End PBXTargetDependency section */

/* Begin PBXVariantGroup section */
		2E6EBE3E1AE59F7400CFFC87 /* Inflation.storyboard */ = {
			isa = PBXVariantGroup;
			children = (
				2E6EBE3F1AE59F7400CFFC87 /* Base */,
			);
			name = Inflation.storyboard;
			sourceTree = "<group>";
		};
		2E9721C11ADDFB2000F9399E /* Main.storyboard */ = {
			isa = PBXVariantGroup;
			children = (
				2E9721C21ADDFB2000F9399E /* Base */,
			);
			name = Main.storyboard;
			sourceTree = "<group>";
		};
		2E9721C61ADDFB2000F9399E /* LaunchScreen.xib */ = {
			isa = PBXVariantGroup;
			children = (
				2E9721C71ADDFB2000F9399E /* Base */,
			);
			name = LaunchScreen.xib;
			sourceTree = "<group>";
		};
/* End PBXVariantGroup section */

/* Begin XCBuildConfiguration section */
		2E9721D51ADDFB2000F9399E /* Debug */ = {
			isa = XCBuildConfiguration;
			buildSettings = {
				ALWAYS_SEARCH_USER_PATHS = NO;
				CLANG_CXX_LANGUAGE_STANDARD = "gnu++0x";
				CLANG_CXX_LIBRARY = "libc++";
				CLANG_ENABLE_MODULES = YES;
				CLANG_ENABLE_OBJC_ARC = YES;
				CLANG_WARN_BOOL_CONVERSION = YES;
				CLANG_WARN_CONSTANT_CONVERSION = YES;
				CLANG_WARN_DIRECT_OBJC_ISA_USAGE = YES_ERROR;
				CLANG_WARN_EMPTY_BODY = YES;
				CLANG_WARN_ENUM_CONVERSION = YES;
				CLANG_WARN_INT_CONVERSION = YES;
				CLANG_WARN_OBJC_ROOT_CLASS = YES_ERROR;
				CLANG_WARN_UNREACHABLE_CODE = YES;
				CLANG_WARN__DUPLICATE_METHOD_MATCH = YES;
				"CODE_SIGN_IDENTITY[sdk=iphoneos*]" = "iPhone Developer";
				COPY_PHASE_STRIP = NO;
				ENABLE_STRICT_OBJC_MSGSEND = YES;
				GCC_C_LANGUAGE_STANDARD = gnu99;
				GCC_DYNAMIC_NO_PIC = NO;
				GCC_OPTIMIZATION_LEVEL = 0;
				GCC_PREPROCESSOR_DEFINITIONS = (
					"DEBUG=1",
					"$(inherited)",
				);
				GCC_SYMBOLS_PRIVATE_EXTERN = NO;
				GCC_WARN_64_TO_32_BIT_CONVERSION = YES;
				GCC_WARN_ABOUT_RETURN_TYPE = YES_ERROR;
				GCC_WARN_UNDECLARED_SELECTOR = YES;
				GCC_WARN_UNINITIALIZED_AUTOS = YES_AGGRESSIVE;
				GCC_WARN_UNUSED_FUNCTION = YES;
				GCC_WARN_UNUSED_VARIABLE = YES;
				IPHONEOS_DEPLOYMENT_TARGET = 8.2;
				MTL_ENABLE_DEBUG_INFO = YES;
				ONLY_ACTIVE_ARCH = YES;
				SDKROOT = iphoneos;
				SWIFT_OPTIMIZATION_LEVEL = "-Onone";
			};
			name = Debug;
		};
		2E9721D61ADDFB2000F9399E /* Release */ = {
			isa = XCBuildConfiguration;
			buildSettings = {
				ALWAYS_SEARCH_USER_PATHS = NO;
				CLANG_CXX_LANGUAGE_STANDARD = "gnu++0x";
				CLANG_CXX_LIBRARY = "libc++";
				CLANG_ENABLE_MODULES = YES;
				CLANG_ENABLE_OBJC_ARC = YES;
				CLANG_WARN_BOOL_CONVERSION = YES;
				CLANG_WARN_CONSTANT_CONVERSION = YES;
				CLANG_WARN_DIRECT_OBJC_ISA_USAGE = YES_ERROR;
				CLANG_WARN_EMPTY_BODY = YES;
				CLANG_WARN_ENUM_CONVERSION = YES;
				CLANG_WARN_INT_CONVERSION = YES;
				CLANG_WARN_OBJC_ROOT_CLASS = YES_ERROR;
				CLANG_WARN_UNREACHABLE_CODE = YES;
				CLANG_WARN__DUPLICATE_METHOD_MATCH = YES;
				"CODE_SIGN_IDENTITY[sdk=iphoneos*]" = "iPhone Developer";
				COPY_PHASE_STRIP = NO;
				ENABLE_NS_ASSERTIONS = NO;
				ENABLE_STRICT_OBJC_MSGSEND = YES;
				GCC_C_LANGUAGE_STANDARD = gnu99;
				GCC_WARN_64_TO_32_BIT_CONVERSION = YES;
				GCC_WARN_ABOUT_RETURN_TYPE = YES_ERROR;
				GCC_WARN_UNDECLARED_SELECTOR = YES;
				GCC_WARN_UNINITIALIZED_AUTOS = YES_AGGRESSIVE;
				GCC_WARN_UNUSED_FUNCTION = YES;
				GCC_WARN_UNUSED_VARIABLE = YES;
				IPHONEOS_DEPLOYMENT_TARGET = 8.2;
				MTL_ENABLE_DEBUG_INFO = NO;
				SDKROOT = iphoneos;
				VALIDATE_PRODUCT = YES;
			};
			name = Release;
		};
		2E9721D81ADDFB2000F9399E /* Debug */ = {
			isa = XCBuildConfiguration;
			buildSettings = {
				ASSETCATALOG_COMPILER_APPICON_NAME = AppIcon;
				CODE_SIGN_IDENTITY = "iPhone Developer";
				"CODE_SIGN_IDENTITY[sdk=iphoneos*]" = "iPhone Developer";
				INFOPLIST_FILE = "About Cal/Info.plist";
				LD_RUNPATH_SEARCH_PATHS = "$(inherited) @executable_path/Frameworks";
				PRODUCT_NAME = "$(TARGET_NAME)";
				PROVISIONING_PROFILE = "";
				TARGETED_DEVICE_FAMILY = 1;
			};
			name = Debug;
		};
		2E9721D91ADDFB2000F9399E /* Release */ = {
			isa = XCBuildConfiguration;
			buildSettings = {
				ASSETCATALOG_COMPILER_APPICON_NAME = AppIcon;
				CODE_SIGN_IDENTITY = "iPhone Developer";
				"CODE_SIGN_IDENTITY[sdk=iphoneos*]" = "iPhone Developer";
				INFOPLIST_FILE = "About Cal/Info.plist";
				LD_RUNPATH_SEARCH_PATHS = "$(inherited) @executable_path/Frameworks";
				PRODUCT_NAME = "$(TARGET_NAME)";
				PROVISIONING_PROFILE = "";
				TARGETED_DEVICE_FAMILY = 1;
			};
			name = Release;
		};
		2E9721DB1ADDFB2000F9399E /* Debug */ = {
			isa = XCBuildConfiguration;
			buildSettings = {
				BUNDLE_LOADER = "$(TEST_HOST)";
				FRAMEWORK_SEARCH_PATHS = (
					"$(SDKROOT)/Developer/Library/Frameworks",
					"$(inherited)",
				);
				GCC_PREPROCESSOR_DEFINITIONS = (
					"DEBUG=1",
					"$(inherited)",
				);
				INFOPLIST_FILE = "About CalTests/Info.plist";
				LD_RUNPATH_SEARCH_PATHS = "$(inherited) @executable_path/Frameworks @loader_path/Frameworks";
				PRODUCT_NAME = "$(TARGET_NAME)";
				TEST_HOST = "$(BUILT_PRODUCTS_DIR)/About Cal.app/About Cal";
			};
			name = Debug;
		};
		2E9721DC1ADDFB2000F9399E /* Release */ = {
			isa = XCBuildConfiguration;
			buildSettings = {
				BUNDLE_LOADER = "$(TEST_HOST)";
				FRAMEWORK_SEARCH_PATHS = (
					"$(SDKROOT)/Developer/Library/Frameworks",
					"$(inherited)",
				);
				INFOPLIST_FILE = "About CalTests/Info.plist";
				LD_RUNPATH_SEARCH_PATHS = "$(inherited) @executable_path/Frameworks @loader_path/Frameworks";
				PRODUCT_NAME = "$(TARGET_NAME)";
				TEST_HOST = "$(BUILT_PRODUCTS_DIR)/About Cal.app/About Cal";
			};
			name = Release;
		};
/* End XCBuildConfiguration section */

/* Begin XCConfigurationList section */
		2E9721B31ADDFB2000F9399E /* Build configuration list for PBXProject "About Cal" */ = {
			isa = XCConfigurationList;
			buildConfigurations = (
				2E9721D51ADDFB2000F9399E /* Debug */,
				2E9721D61ADDFB2000F9399E /* Release */,
			);
			defaultConfigurationIsVisible = 0;
			defaultConfigurationName = Release;
		};
		2E9721D71ADDFB2000F9399E /* Build configuration list for PBXNativeTarget "About Cal" */ = {
			isa = XCConfigurationList;
			buildConfigurations = (
				2E9721D81ADDFB2000F9399E /* Debug */,
				2E9721D91ADDFB2000F9399E /* Release */,
			);
			defaultConfigurationIsVisible = 0;
			defaultConfigurationName = Release;
		};
		2E9721DA1ADDFB2000F9399E /* Build configuration list for PBXNativeTarget "About CalTests" */ = {
			isa = XCConfigurationList;
			buildConfigurations = (
				2E9721DB1ADDFB2000F9399E /* Debug */,
				2E9721DC1ADDFB2000F9399E /* Release */,
			);
			defaultConfigurationIsVisible = 0;
			defaultConfigurationName = Release;
		};
/* End XCConfigurationList section */
	};
	rootObject = 2E9721B01ADDFB2000F9399E /* Project object */;
}
